
Microsoft Visual Studio Solution File, Format Version 12.00
# Visual Studio Version 17
VisualStudioVersion = 17.8.34322.80
MinimumVisualStudioVersion = 10.0.40219.1
Project("{8BC9CEB8-8B4A-11D0-8D11-00A0C91BC942}") = "Sandbox", "Sandbox\Sandbox.vcxproj", "{21B19F51-D493-4927-A04D-370DA6F86657}"
EndProject
Project("{8BC9CEB8-8B4A-11D0-8D11-00A0C91BC942}") = "Sunken", "Sunken\Sunken.vcxproj", "{C9F2DE77-9E76-4D1E-B407-28E70466E5FF}"
EndProject
Global
	GlobalSection(SolutionConfigurationPlatforms) = preSolution
		Debug|x64 = Debug|x64
		Release|x64 = Release|x64
	EndGlobalSection
	GlobalSection(ProjectConfigurationPlatforms) = postSolution
		{C9F2DE77-9E76-4D1E-B407-28E70466E5FF}.Debug|x64.ActiveCfg = Debug|x64
		{C9F2DE77-9E76-4D1E-B407-28E70466E5FF}.Debug|x64.Build.0 = Debug|x64
		{C9F2DE77-9E76-4D1E-B407-28E70466E5FF}.Release|x64.ActiveCfg = Release|x64
		{C9F2DE77-9E76-4D1E-B407-28E70466E5FF}.Release|x64.Build.0 = Release|x64
		{21B19F51-D493-4927-A04D-370DA6F86657}.Debug|x64.ActiveCfg = Debug|x64
		{21B19F51-D493-4927-A04D-370DA6F86657}.Debug|x64.Build.0 = Debug|x64
		{21B19F51-D493-4927-A04D-370DA6F86657}.Release|x64.ActiveCfg = Release|x64
		{21B19F51-D493-4927-A04D-370DA6F86657}.Release|x64.Build.0 = Release|x64
	EndGlobalSection
	GlobalSection(SolutionProperties) = preSolution
		HideSolutionNode = FALSE
	EndGlobalSection
	GlobalSection(ExtensibilityGlobals) = postSolution
		SolutionGuid = {EF1A8E0F-99BE-4F67-81FE-89B4363B8FDE}
	EndGlobalSection
EndGlobal
